Microsoft Visual Studio Solution File, Format Version 12.00
# Visual Studio Version 17
VisualStudioVersion = 17.5.2.0
MinimumVisualStudioVersion = 10.0.40219.1
Project("{FAE04EC0-301F-11D3-BF4B-00C04F79EFBC}") = "PlatzyWebClean", "PlatzyWebClean.csproj", "{A74B41A7-1902-E57C-90D3-97C7A936642A}"
EndProject
Global
	GlobalSection(SolutionConfigurationPlatforms) = preSolution
		Debug|Any CPU = Debug|Any CPU
		Release|Any CPU = Release|Any CPU
	EndGlobalSection
	GlobalSection(ProjectConfigurationPlatforms) = postSolution
		{A74B41A7-1902-E57C-90D3-97C7A936642A}.Debug|Any CPU.ActiveCfg = Debug|Any CPU
		{A74B41A7-1902-E57C-90D3-97C7A936642A}.Debug|Any CPU.Build.0 = Debug|Any CPU
		{A74B41A7-1902-E57C-90D3-97C7A936642A}.Release|Any CPU.ActiveCfg = Release|Any CPU
		{A74B41A7-1902-E57C-90D3-97C7A936642A}.Release|Any CPU.Build.0 = Release|Any CPU
	EndGlobalSection
	GlobalSection(SolutionProperties) = preSolution
		HideSolutionNode = FALSE
	EndGlobalSection
	GlobalSection(ExtensibilityGlobals) = postSolution
		SolutionGuid = {E6981C5B-6E68-489E-8A81-C8D2FA1F8D99}
	EndGlobalSection
EndGlobal
